
Microsoft Visual Studio Solution File, Format Version 12.00
# Visual Studio Version 16
VisualStudioVersion = 16.0.31205.134
MinimumVisualStudioVersion = 10.0.40219.1
Project("{2150E333-8FDC-42A3-9474-1A3956D46DE8}") = "Services", "Services", "{F3462101-65D6-482E-B696-F489BE477713}"
EndProject
Project("{2150E333-8FDC-42A3-9474-1A3956D46DE8}") = "Catalog", "Catalog", "{AC3991F2-8627-4EC9-B396-1DFECB58C442}"
EndProject
Project("{9A19103F-16F7-4668-BE54-9A1E7A4F7556}") = "Catalog.API", "Services\Catalog\Catalog.API\Catalog.API.csproj", "{B37D84CE-2E41-4E73-8C77-77D87F52A70E}"
EndProject
Project("{E53339B2-1760-4266-BCC7-CA923CBCF16C}") = "docker-compose", "docker-compose.dcproj", "{13162B95-20D9-4D07-9FF6-1C438B04BBB5}"
EndProject
Global
	GlobalSection(SolutionConfigurationPlatforms) = preSolution
		Debug|Any CPU = Debug|Any CPU
		Release|Any CPU = Release|Any CPU
	EndGlobalSection
	GlobalSection(ProjectConfigurationPlatforms) = postSolution
		{B37D84CE-2E41-4E73-8C77-77D87F52A70E}.Debug|Any CPU.ActiveCfg = Debug|Any CPU
		{B37D84CE-2E41-4E73-8C77-77D87F52A70E}.Debug|Any CPU.Build.0 = Debug|Any CPU
		{B37D84CE-2E41-4E73-8C77-77D87F52A70E}.Release|Any CPU.ActiveCfg = Release|Any CPU
		{B37D84CE-2E41-4E73-8C77-77D87F52A70E}.Release|Any CPU.Build.0 = Release|Any CPU
		{13162B95-20D9-4D07-9FF6-1C438B04BBB5}.Debug|Any CPU.ActiveCfg = Debug|Any CPU
		{13162B95-20D9-4D07-9FF6-1C438B04BBB5}.Debug|Any CPU.Build.0 = Debug|Any CPU
		{13162B95-20D9-4D07-9FF6-1C438B04BBB5}.Release|Any CPU.ActiveCfg = Release|Any CPU
		{13162B95-20D9-4D07-9FF6-1C438B04BBB5}.Release|Any CPU.Build.0 = Release|Any CPU
	EndGlobalSection
	GlobalSection(SolutionProperties) = preSolution
		HideSolutionNode = FALSE
	EndGlobalSection
	GlobalSection(NestedProjects) = preSolution
		{AC3991F2-8627-4EC9-B396-1DFECB58C442} = {F3462101-65D6-482E-B696-F489BE477713}
		{B37D84CE-2E41-4E73-8C77-77D87F52A70E} = {AC3991F2-8627-4EC9-B396-1DFECB58C442}
	EndGlobalSection
	GlobalSection(ExtensibilityGlobals) = postSolution
		SolutionGuid = {8517B471-3412-4655-B4BE-615EC1341F7D}
	EndGlobalSection
EndGlobal
